
Microsoft Visual Studio Solution File, Format Version 12.00
# Visual Studio 2012
Project("{FAE04EC0-301F-11D3-BF4B-00C04F79EFBC}") = "Caesium.BullsAndCows", "Caesium.BullsAndCows\Caesium.BullsAndCows.csproj", "{07C5B4D7-E49D-4CDC-99B9-57488E03FF86}"
EndProject
Project("{FAE04EC0-301F-11D3-BF4B-00C04F79EFBC}") = "Caesium.BullsAndCows.Tests", "Caesium.BullsAndCows.Tests\Caesium.BullsAndCows.Tests.csproj", "{8CB46568-6561-473D-92C4-8847B029B901}"
EndProject
Global
	GlobalSection(SolutionConfigurationPlatforms) = preSolution
		Debug|Any CPU = Debug|Any CPU
		Release|Any CPU = Release|Any CPU
	EndGlobalSection
	GlobalSection(ProjectConfigurationPlatforms) = postSolution
		{07C5B4D7-E49D-4CDC-99B9-57488E03FF86}.Debug|Any CPU.ActiveCfg = Debug|Any CPU
		{07C5B4D7-E49D-4CDC-99B9-57488E03FF86}.Debug|Any CPU.Build.0 = Debug|Any CPU
		{07C5B4D7-E49D-4CDC-99B9-57488E03FF86}.Release|Any CPU.ActiveCfg = Release|Any CPU
		{07C5B4D7-E49D-4CDC-99B9-57488E03FF86}.Release|Any CPU.Build.0 = Release|Any CPU
		{8CB46568-6561-473D-92C4-8847B029B901}.Debug|Any CPU.ActiveCfg = Debug|Any CPU
		{8CB46568-6561-473D-92C4-8847B029B901}.Debug|Any CPU.Build.0 = Debug|Any CPU
		{8CB46568-6561-473D-92C4-8847B029B901}.Release|Any CPU.ActiveCfg = Release|Any CPU
		{8CB46568-6561-473D-92C4-8847B029B901}.Release|Any CPU.Build.0 = Release|Any CPU
	EndGlobalSection
	GlobalSection(SolutionProperties) = preSolution
		HideSolutionNode = FALSE
	EndGlobalSection
EndGlobal
